
Microsoft Visual Studio Solution File, Format Version 12.00
# Visual Studio Version 17
VisualStudioVersion = 17.0.31903.59
MinimumVisualStudioVersion = 10.0.40219.1
Project("{2150E333-8FDC-42A3-9474-1A3956D46DE8}") = "src", "src", "{827E0CD3-B72D-47B6-A68D-7590B98EB39B}"
EndProject
Project("{FAE04EC0-301F-11D3-BF4B-00C04F79EFBC}") = "Planning.API", "src\Planning.API\Planning.API.csproj", "{30471D4E-68D1-47C3-8BD9-56EA5EFF37D3}"
EndProject
Project("{FAE04EC0-301F-11D3-BF4B-00C04F79EFBC}") = "Planning.Domain", "src\Planning.Domain\Planning.Domain.csproj", "{D01E0D56-51D5-4415-8AAC-AFBE32825DAC}"
EndProject
Project("{FAE04EC0-301F-11D3-BF4B-00C04F79EFBC}") = "Planning.Infrastructure", "src\Planning.Infrastructure\Planning.Infrastructure.csproj", "{C587D7EB-E47A-40F5-AB3E-A7141DD484D4}"
EndProject
Project("{FAE04EC0-301F-11D3-BF4B-00C04F79EFBC}") = "FK.ServiceDefaults", "src\FK.ServiceDefaults\FK.ServiceDefaults.csproj", "{9C2EE8D9-966D-4FCA-9D31-662DD485C0AC}"
EndProject
Project("{FAE04EC0-301F-11D3-BF4B-00C04F79EFBC}") = "WebApp", "src\WebApp\WebApp.csproj", "{D7DF69C0-5CD6-48A2-B784-E66F76A9FC22}"
EndProject
Project("{FAE04EC0-301F-11D3-BF4B-00C04F79EFBC}") = "Reports.Api", "src\Reports.Api\Reports.Api.csproj", "{7C8AB48A-12B5-43AE-B8FB-4D939B8AB0B0}"
EndProject
Project("{FAE04EC0-301F-11D3-BF4B-00C04F79EFBC}") = "Reports.Infrastructure", "src\Reports.Infrastructure\Reports.Infrastructure.csproj", "{BBA62ECC-50B9-472A-9BB6-847670801C23}"
EndProject
Project("{FAE04EC0-301F-11D3-BF4B-00C04F79EFBC}") = "Reports.Domain", "src\Rreports.Domain\Reports.Domain.csproj", "{1D19CC8C-D85A-47AF-8F11-884B9BA90955}"
EndProject
Global
	GlobalSection(SolutionConfigurationPlatforms) = preSolution
		Debug|Any CPU = Debug|Any CPU
		Debug|x64 = Debug|x64
		Debug|x86 = Debug|x86
		Release|Any CPU = Release|Any CPU
		Release|x64 = Release|x64
		Release|x86 = Release|x86
	EndGlobalSection
	GlobalSection(ProjectConfigurationPlatforms) = postSolution
		{30471D4E-68D1-47C3-8BD9-56EA5EFF37D3}.Debug|Any CPU.ActiveCfg = Debug|Any CPU
		{30471D4E-68D1-47C3-8BD9-56EA5EFF37D3}.Debug|Any CPU.Build.0 = Debug|Any CPU
		{30471D4E-68D1-47C3-8BD9-56EA5EFF37D3}.Debug|x64.ActiveCfg = Debug|Any CPU
		{30471D4E-68D1-47C3-8BD9-56EA5EFF37D3}.Debug|x64.Build.0 = Debug|Any CPU
		{30471D4E-68D1-47C3-8BD9-56EA5EFF37D3}.Debug|x86.ActiveCfg = Debug|Any CPU
		{30471D4E-68D1-47C3-8BD9-56EA5EFF37D3}.Debug|x86.Build.0 = Debug|Any CPU
		{30471D4E-68D1-47C3-8BD9-56EA5EFF37D3}.Release|Any CPU.ActiveCfg = Release|Any CPU
		{30471D4E-68D1-47C3-8BD9-56EA5EFF37D3}.Release|Any CPU.Build.0 = Release|Any CPU
		{30471D4E-68D1-47C3-8BD9-56EA5EFF37D3}.Release|x64.ActiveCfg = Release|Any CPU
		{30471D4E-68D1-47C3-8BD9-56EA5EFF37D3}.Release|x64.Build.0 = Release|Any CPU
		{30471D4E-68D1-47C3-8BD9-56EA5EFF37D3}.Release|x86.ActiveCfg = Release|Any CPU
		{30471D4E-68D1-47C3-8BD9-56EA5EFF37D3}.Release|x86.Build.0 = Release|Any CPU
		{D01E0D56-51D5-4415-8AAC-AFBE32825DAC}.Debug|Any CPU.ActiveCfg = Debug|Any CPU
		{D01E0D56-51D5-4415-8AAC-AFBE32825DAC}.Debug|Any CPU.Build.0 = Debug|Any CPU
		{D01E0D56-51D5-4415-8AAC-AFBE32825DAC}.Debug|x64.ActiveCfg = Debug|Any CPU
		{D01E0D56-51D5-4415-8AAC-AFBE32825DAC}.Debug|x64.Build.0 = Debug|Any CPU
		{D01E0D56-51D5-4415-8AAC-AFBE32825DAC}.Debug|x86.ActiveCfg = Debug|Any CPU
		{D01E0D56-51D5-4415-8AAC-AFBE32825DAC}.Debug|x86.Build.0 = Debug|Any CPU
		{D01E0D56-51D5-4415-8AAC-AFBE32825DAC}.Release|Any CPU.ActiveCfg = Release|Any CPU
		{D01E0D56-51D5-4415-8AAC-AFBE32825DAC}.Release|Any CPU.Build.0 = Release|Any CPU
		{D01E0D56-51D5-4415-8AAC-AFBE32825DAC}.Release|x64.ActiveCfg = Release|Any CPU
		{D01E0D56-51D5-4415-8AAC-AFBE32825DAC}.Release|x64.Build.0 = Release|Any CPU
		{D01E0D56-51D5-4415-8AAC-AFBE32825DAC}.Release|x86.ActiveCfg = Release|Any CPU
		{D01E0D56-51D5-4415-8AAC-AFBE32825DAC}.Release|x86.Build.0 = Release|Any CPU
		{C587D7EB-E47A-40F5-AB3E-A7141DD484D4}.Debug|Any CPU.ActiveCfg = Debug|Any CPU
		{C587D7EB-E47A-40F5-AB3E-A7141DD484D4}.Debug|Any CPU.Build.0 = Debug|Any CPU
		{C587D7EB-E47A-40F5-AB3E-A7141DD484D4}.Debug|x64.ActiveCfg = Debug|Any CPU
		{C587D7EB-E47A-40F5-AB3E-A7141DD484D4}.Debug|x64.Build.0 = Debug|Any CPU
		{C587D7EB-E47A-40F5-AB3E-A7141DD484D4}.Debug|x86.ActiveCfg = Debug|Any CPU
		{C587D7EB-E47A-40F5-AB3E-A7141DD484D4}.Debug|x86.Build.0 = Debug|Any CPU
		{C587D7EB-E47A-40F5-AB3E-A7141DD484D4}.Release|Any CPU.ActiveCfg = Release|Any CPU
		{C587D7EB-E47A-40F5-AB3E-A7141DD484D4}.Release|Any CPU.Build.0 = Release|Any CPU
		{C587D7EB-E47A-40F5-AB3E-A7141DD484D4}.Release|x64.ActiveCfg = Release|Any CPU
		{C587D7EB-E47A-40F5-AB3E-A7141DD484D4}.Release|x64.Build.0 = Release|Any CPU
		{C587D7EB-E47A-40F5-AB3E-A7141DD484D4}.Release|x86.ActiveCfg = Release|Any CPU
		{C587D7EB-E47A-40F5-AB3E-A7141DD484D4}.Release|x86.Build.0 = Release|Any CPU
		{9C2EE8D9-966D-4FCA-9D31-662DD485C0AC}.Debug|Any CPU.ActiveCfg = Debug|Any CPU
		{9C2EE8D9-966D-4FCA-9D31-662DD485C0AC}.Debug|Any CPU.Build.0 = Debug|Any CPU
		{9C2EE8D9-966D-4FCA-9D31-662DD485C0AC}.Debug|x64.ActiveCfg = Debug|Any CPU
		{9C2EE8D9-966D-4FCA-9D31-662DD485C0AC}.Debug|x64.Build.0 = Debug|Any CPU
		{9C2EE8D9-966D-4FCA-9D31-662DD485C0AC}.Debug|x86.ActiveCfg = Debug|Any CPU
		{9C2EE8D9-966D-4FCA-9D31-662DD485C0AC}.Debug|x86.Build.0 = Debug|Any CPU
		{9C2EE8D9-966D-4FCA-9D31-662DD485C0AC}.Release|Any CPU.ActiveCfg = Release|Any CPU
		{9C2EE8D9-966D-4FCA-9D31-662DD485C0AC}.Release|Any CPU.Build.0 = Release|Any CPU
		{9C2EE8D9-966D-4FCA-9D31-662DD485C0AC}.Release|x64.ActiveCfg = Release|Any CPU
		{9C2EE8D9-966D-4FCA-9D31-662DD485C0AC}.Release|x64.Build.0 = Release|Any CPU
		{9C2EE8D9-966D-4FCA-9D31-662DD485C0AC}.Release|x86.ActiveCfg = Release|Any CPU
		{9C2EE8D9-966D-4FCA-9D31-662DD485C0AC}.Release|x86.Build.0 = Release|Any CPU
		{D7DF69C0-5CD6-48A2-B784-E66F76A9FC22}.Debug|Any CPU.ActiveCfg = Debug|Any CPU
		{D7DF69C0-5CD6-48A2-B784-E66F76A9FC22}.Debug|Any CPU.Build.0 = Debug|Any CPU
		{D7DF69C0-5CD6-48A2-B784-E66F76A9FC22}.Debug|x64.ActiveCfg = Debug|Any CPU
		{D7DF69C0-5CD6-48A2-B784-E66F76A9FC22}.Debug|x64.Build.0 = Debug|Any CPU
		{D7DF69C0-5CD6-48A2-B784-E66F76A9FC22}.Debug|x86.ActiveCfg = Debug|Any CPU
		{D7DF69C0-5CD6-48A2-B784-E66F76A9FC22}.Debug|x86.Build.0 = Debug|Any CPU
		{D7DF69C0-5CD6-48A2-B784-E66F76A9FC22}.Release|Any CPU.ActiveCfg = Release|Any CPU
		{D7DF69C0-5CD6-48A2-B784-E66F76A9FC22}.Release|Any CPU.Build.0 = Release|Any CPU
		{D7DF69C0-5CD6-48A2-B784-E66F76A9FC22}.Release|x64.ActiveCfg = Release|Any CPU
		{D7DF69C0-5CD6-48A2-B784-E66F76A9FC22}.Release|x64.Build.0 = Release|Any CPU
		{D7DF69C0-5CD6-48A2-B784-E66F76A9FC22}.Release|x86.ActiveCfg = Release|Any CPU
		{D7DF69C0-5CD6-48A2-B784-E66F76A9FC22}.Release|x86.Build.0 = Release|Any CPU
		{7C8AB48A-12B5-43AE-B8FB-4D939B8AB0B0}.Debug|Any CPU.ActiveCfg = Debug|Any CPU
		{7C8AB48A-12B5-43AE-B8FB-4D939B8AB0B0}.Debug|Any CPU.Build.0 = Debug|Any CPU
		{7C8AB48A-12B5-43AE-B8FB-4D939B8AB0B0}.Debug|x64.ActiveCfg = Debug|Any CPU
		{7C8AB48A-12B5-43AE-B8FB-4D939B8AB0B0}.Debug|x64.Build.0 = Debug|Any CPU
		{7C8AB48A-12B5-43AE-B8FB-4D939B8AB0B0}.Debug|x86.ActiveCfg = Debug|Any CPU
		{7C8AB48A-12B5-43AE-B8FB-4D939B8AB0B0}.Debug|x86.Build.0 = Debug|Any CPU
		{7C8AB48A-12B5-43AE-B8FB-4D939B8AB0B0}.Release|Any CPU.ActiveCfg = Release|Any CPU
		{7C8AB48A-12B5-43AE-B8FB-4D939B8AB0B0}.Release|Any CPU.Build.0 = Release|Any CPU
		{7C8AB48A-12B5-43AE-B8FB-4D939B8AB0B0}.Release|x64.ActiveCfg = Release|Any CPU
		{7C8AB48A-12B5-43AE-B8FB-4D939B8AB0B0}.Release|x64.Build.0 = Release|Any CPU
		{7C8AB48A-12B5-43AE-B8FB-4D939B8AB0B0}.Release|x86.ActiveCfg = Release|Any CPU
		{7C8AB48A-12B5-43AE-B8FB-4D939B8AB0B0}.Release|x86.Build.0 = Release|Any CPU
		{BBA62ECC-50B9-472A-9BB6-847670801C23}.Debug|Any CPU.ActiveCfg = Debug|Any CPU
		{BBA62ECC-50B9-472A-9BB6-847670801C23}.Debug|Any CPU.Build.0 = Debug|Any CPU
		{BBA62ECC-50B9-472A-9BB6-847670801C23}.Debug|x64.ActiveCfg = Debug|Any CPU
		{BBA62ECC-50B9-472A-9BB6-847670801C23}.Debug|x64.Build.0 = Debug|Any CPU
		{BBA62ECC-50B9-472A-9BB6-847670801C23}.Debug|x86.ActiveCfg = Debug|Any CPU
		{BBA62ECC-50B9-472A-9BB6-847670801C23}.Debug|x86.Build.0 = Debug|Any CPU
		{BBA62ECC-50B9-472A-9BB6-847670801C23}.Release|Any CPU.ActiveCfg = Release|Any CPU
		{BBA62ECC-50B9-472A-9BB6-847670801C23}.Release|Any CPU.Build.0 = Release|Any CPU
		{BBA62ECC-50B9-472A-9BB6-847670801C23}.Release|x64.ActiveCfg = Release|Any CPU
		{BBA62ECC-50B9-472A-9BB6-847670801C23}.Release|x64.Build.0 = Release|Any CPU
		{BBA62ECC-50B9-472A-9BB6-847670801C23}.Release|x86.ActiveCfg = Release|Any CPU
		{BBA62ECC-50B9-472A-9BB6-847670801C23}.Release|x86.Build.0 = Release|Any CPU
		{1D19CC8C-D85A-47AF-8F11-884B9BA90955}.Debug|Any CPU.ActiveCfg = Debug|Any CPU
		{1D19CC8C-D85A-47AF-8F11-884B9BA90955}.Debug|Any CPU.Build.0 = Debug|Any CPU
		{1D19CC8C-D85A-47AF-8F11-884B9BA90955}.Debug|x64.ActiveCfg = Debug|Any CPU
		{1D19CC8C-D85A-47AF-8F11-884B9BA90955}.Debug|x64.Build.0 = Debug|Any CPU
		{1D19CC8C-D85A-47AF-8F11-884B9BA90955}.Debug|x86.ActiveCfg = Debug|Any CPU
		{1D19CC8C-D85A-47AF-8F11-884B9BA90955}.Debug|x86.Build.0 = Debug|Any CPU
		{1D19CC8C-D85A-47AF-8F11-884B9BA90955}.Release|Any CPU.ActiveCfg = Release|Any CPU
		{1D19CC8C-D85A-47AF-8F11-884B9BA90955}.Release|Any CPU.Build.0 = Release|Any CPU
		{1D19CC8C-D85A-47AF-8F11-884B9BA90955}.Release|x64.ActiveCfg = Release|Any CPU
		{1D19CC8C-D85A-47AF-8F11-884B9BA90955}.Release|x64.Build.0 = Release|Any CPU
		{1D19CC8C-D85A-47AF-8F11-884B9BA90955}.Release|x86.ActiveCfg = Release|Any CPU
		{1D19CC8C-D85A-47AF-8F11-884B9BA90955}.Release|x86.Build.0 = Release|Any CPU
	EndGlobalSection
	GlobalSection(SolutionProperties) = preSolution
		HideSolutionNode = FALSE
	EndGlobalSection
	GlobalSection(NestedProjects) = preSolution
		{30471D4E-68D1-47C3-8BD9-56EA5EFF37D3} = {827E0CD3-B72D-47B6-A68D-7590B98EB39B}
		{D01E0D56-51D5-4415-8AAC-AFBE32825DAC} = {827E0CD3-B72D-47B6-A68D-7590B98EB39B}
		{C587D7EB-E47A-40F5-AB3E-A7141DD484D4} = {827E0CD3-B72D-47B6-A68D-7590B98EB39B}
		{9C2EE8D9-966D-4FCA-9D31-662DD485C0AC} = {827E0CD3-B72D-47B6-A68D-7590B98EB39B}
		{D7DF69C0-5CD6-48A2-B784-E66F76A9FC22} = {827E0CD3-B72D-47B6-A68D-7590B98EB39B}
		{7C8AB48A-12B5-43AE-B8FB-4D939B8AB0B0} = {827E0CD3-B72D-47B6-A68D-7590B98EB39B}
		{BBA62ECC-50B9-472A-9BB6-847670801C23} = {827E0CD3-B72D-47B6-A68D-7590B98EB39B}
	EndGlobalSection
	GlobalSection(ExtensibilityGlobals) = postSolution
		SolutionGuid = {5F844A66-6F09-4632-926F-DF00E6059B1E}
	EndGlobalSection
EndGlobal
